// !$*UTF8*$!
{
	archiveVersion = 1;
	classes = {
	};
	objectVersion = 46;
	objects = {

/* Begin PBXBuildFile section */
		9C3390EB1CAC5CA800F4F101 /* main.cpp in Sources */ = {isa = PBXBuildFile; fileRef = 9C3390EA1CAC5CA800F4F101 /* main.cpp */; };
		9C3390F21CAC5D1300F4F101 /* OpenGL.framework in Frameworks */ = {isa = PBXBuildFile; fileRef = 9C3390F11CAC5D1300F4F101 /* OpenGL.framework */; };
		9C3390F41CAC5D1700F4F101 /* GLUT.framework in Frameworks */ = {isa = PBXBuildFile; fileRef = 9C3390F31CAC5D1700F4F101 /* GLUT.framework */; };
/* End PBXBuildFile section */

/* Begin PBXCopyFilesBuildPhase section */
		9C3390E51CAC5CA700F4F101 /* CopyFiles */ = {
			isa = PBXCopyFilesBuildPhase;
			buildActionMask = 2147483647;
			dstPath = /usr/share/man/man1/;
			dstSubfolderSpec = 0;
			files = (
			);
			runOnlyForDeploymentPostprocessing = 1;
		};
/* End PBXCopyFilesBuildPhase section */

/* Begin PBXFileReference section */
		9C3390E71CAC5CA800F4F101 /* Masodik Hazi */ = {isa = PBXFileReference; explicitFileType = "compiled.mach-o.executable"; includeInIndex = 0; path = "Masodik Hazi"; sourceTree = BUILT_PRODUCTS_DIR; };
		9C3390EA1CAC5CA800F4F101 /* main.cpp */ = {isa = PBXFileReference; lastKnownFileType = sourcecode.cpp.cpp; path = main.cpp; sourceTree = "<group>"; };
		9C3390F11CAC5D1300F4F101 /* OpenGL.framework */ = {isa = PBXFileReference; lastKnownFileType = wrapper.framework; name = OpenGL.framework; path = System/Library/Frameworks/OpenGL.framework; sourceTree = SDKROOT; };
		9C3390F31CAC5D1700F4F101 /* GLUT.framework */ = {isa = PBXFileReference; lastKnownFileType = wrapper.framework; name = GLUT.framework; path = System/Library/Frameworks/GLUT.framework; sourceTree = SDKROOT; };
/* End PBXFileReference section */

/* Begin PBXFrameworksBuildPhase section */
		9C3390E41CAC5CA700F4F101 /* Frameworks */ = {
			isa = PBXFrameworksBuildPhase;
			buildActionMask = 2147483647;
			files = (
				9C3390F41CAC5D1700F4F101 /* GLUT.framework in Frameworks */,
				9C3390F21CAC5D1300F4F101 /* OpenGL.framework in Frameworks */,
			);
			runOnlyForDeploymentPostprocessing = 0;
		};
/* End PBXFrameworksBuildPhase section */

/* Begin PBXGroup section */
		9C3390DE1CAC5CA700F4F101 = {
			isa = PBXGroup;
			children = (
				9C3390F31CAC5D1700F4F101 /* GLUT.framework */,
				9C3390F11CAC5D1300F4F101 /* OpenGL.framework */,
				9C3390E91CAC5CA800F4F101 /* Masodik Hazi */,
				9C3390E81CAC5CA800F4F101 /* Products */,
			);
			sourceTree = "<group>";
		};
		9C3390E81CAC5CA800F4F101 /* Products */ = {
			isa = PBXGroup;
			children = (
				9C3390E71CAC5CA800F4F101 /* Masodik Hazi */,
			);
			name = Products;
			sourceTree = "<group>";
		};
		9C3390E91CAC5CA800F4F101 /* Masodik Hazi */ = {
			isa = PBXGroup;
			children = (
				9C3390EA1CAC5CA800F4F101 /* main.cpp */,
			);
			path = "Masodik Hazi";
			sourceTree = "<group>";
		};
/* End PBXGroup section */

/* Begin PBXNativeTarget section */
		9C3390E61CAC5CA700F4F101 /* Masodik Hazi */ = {
			isa = PBXNativeTarget;
			buildConfigurationList = 9C3390EE1CAC5CA800F4F101 /* Build configuration list for PBXNativeTarget "Masodik Hazi" */;
			buildPhases = (
				9C3390E31CAC5CA700F4F101 /* Sources */,
				9C3390E41CAC5CA700F4F101 /* Frameworks */,
				9C3390E51CAC5CA700F4F101 /* CopyFiles */,
			);
			buildRules = (
			);
			dependencies = (
			);
			name = "Masodik Hazi";
			productName = "Masodik Hazi";
			productReference = 9C3390E71CAC5CA800F4F101 /* Masodik Hazi */;
			productType = "com.apple.product-type.tool";
		};
/* End PBXNativeTarget section */

/* Begin PBXProject section */
		9C3390DF1CAC5CA700F4F101 /* Project object */ = {
			isa = PBXProject;
			attributes = {
				LastUpgradeCheck = 0630;
				ORGANIZATIONNAME = "Aron Pammer";
				TargetAttributes = {
					9C3390E61CAC5CA700F4F101 = {
						CreatedOnToolsVersion = 6.3.2;
					};
				};
			};
			buildConfigurationList = 9C3390E21CAC5CA700F4F101 /* Build configuration list for PBXProject "Masodik Hazi" */;
			compatibilityVersion = "Xcode 3.2";
			developmentRegion = English;
			hasScannedForEncodings = 0;
			knownRegions = (
				en,
			);
			mainGroup = 9C3390DE1CAC5CA700F4F101;
			productRefGroup = 9C3390E81CAC5CA800F4F101 /* Products */;
			projectDirPath = "";
			projectRoot = "";
			targets = (
				9C3390E61CAC5CA700F4F101 /* Masodik Hazi */,
			);
		};
/* End PBXProject section */

/* Begin PBXSourcesBuildPhase section */
		9C3390E31CAC5CA700F4F101 /* Sources */ = {
			isa = PBXSourcesBuildPhase;
			buildActionMask = 2147483647;
			files = (
				9C3390EB1CAC5CA800F4F101 /* main.cpp in Sources */,
			);
			runOnlyForDeploymentPostprocessing = 0;
		};
/* End PBXSourcesBuildPhase section */

/* Begin XCBuildConfiguration section */
		9C3390EC1CAC5CA800F4F101 /* Debug */ = {
			isa = XCBuildConfiguration;
			buildSettings = {
				ALWAYS_SEARCH_USER_PATHS = NO;
				CLANG_CXX_LANGUAGE_STANDARD = "gnu++0x";
				CLANG_CXX_LIBRARY = "libc++";
				CLANG_ENABLE_MODULES = YES;
				CLANG_ENABLE_OBJC_ARC = YES;
				CLANG_WARN_BOOL_CONVERSION = YES;
				CLANG_WARN_CONSTANT_CONVERSION = YES;
				CLANG_WARN_DIRECT_OBJC_ISA_USAGE = YES_ERROR;
				CLANG_WARN_EMPTY_BODY = YES;
				CLANG_WARN_ENUM_CONVERSION = YES;
				CLANG_WARN_INT_CONVERSION = YES;
				CLANG_WARN_OBJC_ROOT_CLASS = YES_ERROR;
				CLANG_WARN_UNREACHABLE_CODE = YES;
				CLANG_WARN__DUPLICATE_METHOD_MATCH = YES;
				COPY_PHASE_STRIP = NO;
				DEBUG_INFORMATION_FORMAT = dwarf;
				ENABLE_STRICT_OBJC_MSGSEND = YES;
				GCC_C_LANGUAGE_STANDARD = gnu99;
				GCC_DYNAMIC_NO_PIC = NO;
				GCC_NO_COMMON_BLOCKS = YES;
				GCC_OPTIMIZATION_LEVEL = 0;
				GCC_PREPROCESSOR_DEFINITIONS = (
					"DEBUG=1",
					"$(inherited)",
				);
				GCC_SYMBOLS_PRIVATE_EXTERN = NO;
				GCC_WARN_64_TO_32_BIT_CONVERSION = YES;
				GCC_WARN_ABOUT_RETURN_TYPE = YES_ERROR;
				GCC_WARN_UNDECLARED_SELECTOR = YES;
				GCC_WARN_UNINITIALIZED_AUTOS = YES_AGGRESSIVE;
				GCC_WARN_UNUSED_FUNCTION = YES;
				GCC_WARN_UNUSED_VARIABLE = YES;
				MACOSX_DEPLOYMENT_TARGET = 10.11;
				MTL_ENABLE_DEBUG_INFO = YES;
				ONLY_ACTIVE_ARCH = YES;
				SDKROOT = macosx;
			};
			name = Debug;
		};
		9C3390ED1CAC5CA800F4F101 /* Release */ = {
			isa = XCBuildConfiguration;
			buildSettings = {
				ALWAYS_SEARCH_USER_PATHS = NO;
				CLANG_CXX_LANGUAGE_STANDARD = "gnu++0x";
				CLANG_CXX_LIBRARY = "libc++";
				CLANG_ENABLE_MODULES = YES;
				CLANG_ENABLE_OBJC_ARC = YES;
				CLANG_WARN_BOOL_CONVERSION = YES;
				CLANG_WARN_CONSTANT_CONVERSION = YES;
				CLANG_WARN_DIRECT_OBJC_ISA_USAGE = YES_ERROR;
				CLANG_WARN_EMPTY_BODY = YES;
				CLANG_WARN_ENUM_CONVERSION = YES;
				CLANG_WARN_INT_CONVERSION = YES;
				CLANG_WARN_OBJC_ROOT_CLASS = YES_ERROR;
				CLANG_WARN_UNREACHABLE_CODE = YES;
				CLANG_WARN__DUPLICATE_METHOD_MATCH = YES;
				COPY_PHASE_STRIP = NO;
				DEBUG_INFORMATION_FORMAT = "dwarf-with-dsym";
				ENABLE_NS_ASSERTIONS = NO;
				ENABLE_STRICT_OBJC_MSGSEND = YES;
				GCC_C_LANGUAGE_STANDARD = gnu99;
				GCC_NO_COMMON_BLOCKS = YES;
				GCC_WARN_64_TO_32_BIT_CONVERSION = YES;
				GCC_WARN_ABOUT_RETURN_TYPE = YES_ERROR;
				GCC_WARN_UNDECLARED_SELECTOR = YES;
				GCC_WARN_UNINITIALIZED_AUTOS = YES_AGGRESSIVE;
				GCC_WARN_UNUSED_FUNCTION = YES;
				GCC_WARN_UNUSED_VARIABLE = YES;
				MACOSX_DEPLOYMENT_TARGET = 10.11;
				MTL_ENABLE_DEBUG_INFO = NO;
				SDKROOT = macosx;
			};
			name = Release;
		};
		9C3390EF1CAC5CA800F4F101 /* Debug */ = {
			isa = XCBuildConfiguration;
			buildSettings = {
				PRODUCT_NAME = "$(TARGET_NAME)";
			};
			name = Debug;
		};
		9C3390F01CAC5CA800F4F101 /* Release */ = {
			isa = XCBuildConfiguration;
			buildSettings = {
				PRODUCT_NAME = "$(TARGET_NAME)";
			};
			name = Release;
		};
/* End XCBuildConfiguration section */

/* Begin XCConfigurationList section */
		9C3390E21CAC5CA700F4F101 /* Build configuration list for PBXProject "Masodik Hazi" */ = {
			isa = XCConfigurationList;
			buildConfigurations = (
				9C3390EC1CAC5CA800F4F101 /* Debug */,
				9C3390ED1CAC5CA800F4F101 /* Release */,
			);
			defaultConfigurationIsVisible = 0;
			defaultConfigurationName = Release;
		};
		9C3390EE1CAC5CA800F4F101 /* Build configuration list for PBXNativeTarget "Masodik Hazi" */ = {
			isa = XCConfigurationList;
			buildConfigurations = (
				9C3390EF1CAC5CA800F4F101 /* Debug */,
				9C3390F01CAC5CA800F4F101 /* Release */,
			);
			defaultConfigurationIsVisible = 0;
		};
/* End XCConfigurationList section */
	};
	rootObject = 9C3390DF1CAC5CA700F4F101 /* Project object */;
}
